// !$*UTF8*$!
{
	archiveVersion = 1;
	classes = {
	};
	objectVersion = 52;
	objects = {

/* Begin PBXBuildFile section */
		431F5A62260D222C003E40AD /* TodoTextView.swift in Sources */ = {isa = PBXBuildFile; fileRef = 431F5A61260D222C003E40AD /* TodoTextView.swift */; };
		431F5A65260DE7CF003E40AD /* DoingTextView.swift in Sources */ = {isa = PBXBuildFile; fileRef = 431F5A64260DE7CF003E40AD /* DoingTextView.swift */; };
		432347CE26135E8800E465DE /* DoingViewController.swift in Sources */ = {isa = PBXBuildFile; fileRef = 432347CD26135E8800E465DE /* DoingViewController.swift */; };
		432347D126135F6300E465DE /* AttributedStringExtensions.swift in Sources */ = {isa = PBXBuildFile; fileRef = 432347D026135F6300E465DE /* AttributedStringExtensions.swift */; };
		432347D42613A12B00E465DE /* TodoViewController.swift in Sources */ = {isa = PBXBuildFile; fileRef = 432347D32613A12B00E465DE /* TodoViewController.swift */; };
		432347D92613A14400E465DE /* DistractionsViewController.swift in Sources */ = {isa = PBXBuildFile; fileRef = 432347D82613A14400E465DE /* DistractionsViewController.swift */; };
		432347E02613A9FE00E465DE /* StringExtensions.swift in Sources */ = {isa = PBXBuildFile; fileRef = 432347DF2613A9FE00E465DE /* StringExtensions.swift */; };
		43336F0F26171F7600567AA0 /* SequenceExtensions.swift in Sources */ = {isa = PBXBuildFile; fileRef = 43336F0E26171F7600567AA0 /* SequenceExtensions.swift */; };
		43EB0D4425EC52FF009CDF4D /* AppDelegate.swift in Sources */ = {isa = PBXBuildFile; fileRef = 43EB0D4325EC52FF009CDF4D /* AppDelegate.swift */; };
		43EB0D4625EC52FF009CDF4D /* ViewController.swift in Sources */ = {isa = PBXBuildFile; fileRef = 43EB0D4525EC52FF009CDF4D /* ViewController.swift */; };
		43EB0D4825EC52FF009CDF4D /* Document.swift in Sources */ = {isa = PBXBuildFile; fileRef = 43EB0D4725EC52FF009CDF4D /* Document.swift */; };
		43EB0D4A25EC5300009CDF4D /* Assets.xcassets in Resources */ = {isa = PBXBuildFile; fileRef = 43EB0D4925EC5300009CDF4D /* Assets.xcassets */; };
		43EB0D4D25EC5300009CDF4D /* Main.storyboard in Resources */ = {isa = PBXBuildFile; fileRef = 43EB0D4B25EC5300009CDF4D /* Main.storyboard */; };
		43EB0D5825EC5342009CDF4D /* HotKey in Frameworks */ = {isa = PBXBuildFile; productRef = 43EB0D5725EC5342009CDF4D /* HotKey */; };
		43EB0D5B25EC5365009CDF4D /* Content.swift in Sources */ = {isa = PBXBuildFile; fileRef = 43EB0D5A25EC5365009CDF4D /* Content.swift */; };
		43EB0D5E25EC5392009CDF4D /* DistractionsWindowController.swift in Sources */ = {isa = PBXBuildFile; fileRef = 43EB0D5D25EC5392009CDF4D /* DistractionsWindowController.swift */; };
		43EB0D6125EC53BB009CDF4D /* DoingWindowController.swift in Sources */ = {isa = PBXBuildFile; fileRef = 43EB0D6025EC53BB009CDF4D /* DoingWindowController.swift */; };
		43EB0D6425EC53D4009CDF4D /* TodoWindowController.swift in Sources */ = {isa = PBXBuildFile; fileRef = 43EB0D6325EC53D4009CDF4D /* TodoWindowController.swift */; };
		43EB0D6825EC56D0009CDF4D /* DocumentController.swift in Sources */ = {isa = PBXBuildFile; fileRef = 43EB0D6725EC56D0009CDF4D /* DocumentController.swift */; };
		43EB0D6B25EC59D4009CDF4D /* TextView.swift in Sources */ = {isa = PBXBuildFile; fileRef = 43EB0D6A25EC59D4009CDF4D /* TextView.swift */; };
		43EB0D6E25EC5BFF009CDF4D /* Window.swift in Sources */ = {isa = PBXBuildFile; fileRef = 43EB0D6D25EC5BFF009CDF4D /* Window.swift */; };
/* End PBXBuildFile section */

/* Begin PBXFileReference section */
		431F5A61260D222C003E40AD /* TodoTextView.swift */ = {isa = PBXFileReference; lastKnownFileType = sourcecode.swift; path = TodoTextView.swift; sourceTree = "<group>"; };
		431F5A64260DE7CF003E40AD /* DoingTextView.swift */ = {isa = PBXFileReference; lastKnownFileType = sourcecode.swift; path = DoingTextView.swift; sourceTree = "<group>"; };
		432347CD26135E8800E465DE /* DoingViewController.swift */ = {isa = PBXFileReference; lastKnownFileType = sourcecode.swift; path = DoingViewController.swift; sourceTree = "<group>"; };
		432347D026135F6300E465DE /* AttributedStringExtensions.swift */ = {isa = PBXFileReference; lastKnownFileType = sourcecode.swift; path = AttributedStringExtensions.swift; sourceTree = "<group>"; };
		432347D32613A12B00E465DE /* TodoViewController.swift */ = {isa = PBXFileReference; lastKnownFileType = sourcecode.swift; path = TodoViewController.swift; sourceTree = "<group>"; };
		432347D82613A14400E465DE /* DistractionsViewController.swift */ = {isa = PBXFileReference; lastKnownFileType = sourcecode.swift; path = DistractionsViewController.swift; sourceTree = "<group>"; };
		432347DF2613A9FE00E465DE /* StringExtensions.swift */ = {isa = PBXFileReference; lastKnownFileType = sourcecode.swift; path = StringExtensions.swift; sourceTree = "<group>"; };
		43336F0E26171F7600567AA0 /* SequenceExtensions.swift */ = {isa = PBXFileReference; lastKnownFileType = sourcecode.swift; path = SequenceExtensions.swift; sourceTree = "<group>"; };
		43EB0D4025EC52FF009CDF4D /* the-system.app */ = {isa = PBXFileReference; explicitFileType = wrapper.application; includeInIndex = 0; path = "the-system.app"; sourceTree = BUILT_PRODUCTS_DIR; };
		43EB0D4325EC52FF009CDF4D /* AppDelegate.swift */ = {isa = PBXFileReference; lastKnownFileType = sourcecode.swift; path = AppDelegate.swift; sourceTree = "<group>"; };
		43EB0D4525EC52FF009CDF4D /* ViewController.swift */ = {isa = PBXFileReference; lastKnownFileType = sourcecode.swift; path = ViewController.swift; sourceTree = "<group>"; };
		43EB0D4725EC52FF009CDF4D /* Document.swift */ = {isa = PBXFileReference; lastKnownFileType = sourcecode.swift; path = Document.swift; sourceTree = "<group>"; };
		43EB0D4925EC5300009CDF4D /* Assets.xcassets */ = {isa = PBXFileReference; lastKnownFileType = folder.assetcatalog; path = Assets.xcassets; sourceTree = "<group>"; };
		43EB0D4C25EC5300009CDF4D /* Base */ = {isa = PBXFileReference; lastKnownFileType = file.storyboard; name = Base; path = Base.lproj/Main.storyboard; sourceTree = "<group>"; };
		43EB0D4E25EC5300009CDF4D /* Info.plist */ = {isa = PBXFileReference; lastKnownFileType = text.plist.xml; path = Info.plist; sourceTree = "<group>"; };
		43EB0D4F25EC5300009CDF4D /* the_system.entitlements */ = {isa = PBXFileReference; lastKnownFileType = text.plist.entitlements; path = the_system.entitlements; sourceTree = "<group>"; };
		43EB0D5A25EC5365009CDF4D /* Content.swift */ = {isa = PBXFileReference; lastKnownFileType = sourcecode.swift; path = Content.swift; sourceTree = "<group>"; };
		43EB0D5D25EC5392009CDF4D /* DistractionsWindowController.swift */ = {isa = PBXFileReference; lastKnownFileType = sourcecode.swift; path = DistractionsWindowController.swift; sourceTree = "<group>"; };
		43EB0D6025EC53BB009CDF4D /* DoingWindowController.swift */ = {isa = PBXFileReference; lastKnownFileType = sourcecode.swift; path = DoingWindowController.swift; sourceTree = "<group>"; };
		43EB0D6325EC53D4009CDF4D /* TodoWindowController.swift */ = {isa = PBXFileReference; lastKnownFileType = sourcecode.swift; path = TodoWindowController.swift; sourceTree = "<group>"; };
		43EB0D6725EC56D0009CDF4D /* DocumentController.swift */ = {isa = PBXFileReference; lastKnownFileType = sourcecode.swift; path = DocumentController.swift; sourceTree = "<group>"; };
		43EB0D6A25EC59D4009CDF4D /* TextView.swift */ = {isa = PBXFileReference; lastKnownFileType = sourcecode.swift; path = TextView.swift; sourceTree = "<group>"; };
		43EB0D6D25EC5BFF009CDF4D /* Window.swift */ = {isa = PBXFileReference; lastKnownFileType = sourcecode.swift; path = Window.swift; sourceTree = "<group>"; };
		43F6FB65264EB1540090CDBB /* SELL.md */ = {isa = PBXFileReference; lastKnownFileType = net.daringfireball.markdown; path = SELL.md; sourceTree = "<group>"; };
/* End PBXFileReference section */

/* Begin PBXFrameworksBuildPhase section */
		43EB0D3D25EC52FF009CDF4D /* Frameworks */ = {
			isa = PBXFrameworksBuildPhase;
			buildActionMask = 2147483647;
			files = (
				43EB0D5825EC5342009CDF4D /* HotKey in Frameworks */,
			);
			runOnlyForDeploymentPostprocessing = 0;
		};
/* End PBXFrameworksBuildPhase section */

/* Begin PBXGroup section */
		43EB0D3725EC52FF009CDF4D = {
			isa = PBXGroup;
			children = (
				43F6FB65264EB1540090CDBB /* SELL.md */,
				43EB0D4225EC52FF009CDF4D /* the-system */,
				43EB0D4125EC52FF009CDF4D /* Products */,
			);
			sourceTree = "<group>";
		};
		43EB0D4125EC52FF009CDF4D /* Products */ = {
			isa = PBXGroup;
			children = (
				43EB0D4025EC52FF009CDF4D /* the-system.app */,
			);
			name = Products;
			sourceTree = "<group>";
		};
		43EB0D4225EC52FF009CDF4D /* the-system */ = {
			isa = PBXGroup;
			children = (
				43EB0D4325EC52FF009CDF4D /* AppDelegate.swift */,
				43EB0D4525EC52FF009CDF4D /* ViewController.swift */,
				43EB0D4725EC52FF009CDF4D /* Document.swift */,
				43EB0D6725EC56D0009CDF4D /* DocumentController.swift */,
				43EB0D5A25EC5365009CDF4D /* Content.swift */,
				43EB0D4925EC5300009CDF4D /* Assets.xcassets */,
				43EB0D4B25EC5300009CDF4D /* Main.storyboard */,
				43EB0D4E25EC5300009CDF4D /* Info.plist */,
				43EB0D4F25EC5300009CDF4D /* the_system.entitlements */,
				43EB0D6025EC53BB009CDF4D /* DoingWindowController.swift */,
				432347CD26135E8800E465DE /* DoingViewController.swift */,
				43EB0D6325EC53D4009CDF4D /* TodoWindowController.swift */,
				432347D32613A12B00E465DE /* TodoViewController.swift */,
				43EB0D5D25EC5392009CDF4D /* DistractionsWindowController.swift */,
				432347D82613A14400E465DE /* DistractionsViewController.swift */,
				43EB0D6D25EC5BFF009CDF4D /* Window.swift */,
				43EB0D6A25EC59D4009CDF4D /* TextView.swift */,
				431F5A61260D222C003E40AD /* TodoTextView.swift */,
				431F5A64260DE7CF003E40AD /* DoingTextView.swift */,
				432347D026135F6300E465DE /* AttributedStringExtensions.swift */,
				432347DF2613A9FE00E465DE /* StringExtensions.swift */,
				43336F0E26171F7600567AA0 /* SequenceExtensions.swift */,
			);
			path = "the-system";
			sourceTree = "<group>";
		};
/* End PBXGroup section */

/* Begin PBXNativeTarget section */
		43EB0D3F25EC52FF009CDF4D /* the-system */ = {
			isa = PBXNativeTarget;
			buildConfigurationList = 43EB0D5225EC5300009CDF4D /* Build configuration list for PBXNativeTarget "the-system" */;
			buildPhases = (
				43EB0D3C25EC52FF009CDF4D /* Sources */,
				43EB0D3D25EC52FF009CDF4D /* Frameworks */,
				43EB0D3E25EC52FF009CDF4D /* Resources */,
			);
			buildRules = (
			);
			dependencies = (
			);
			name = "the-system";
			packageProductDependencies = (
				43EB0D5725EC5342009CDF4D /* HotKey */,
			);
			productName = "the-system";
			productReference = 43EB0D4025EC52FF009CDF4D /* the-system.app */;
			productType = "com.apple.product-type.application";
		};
/* End PBXNativeTarget section */

/* Begin PBXProject section */
		43EB0D3825EC52FF009CDF4D /* Project object */ = {
			isa = PBXProject;
			attributes = {
				LastSwiftUpdateCheck = 1240;
				LastUpgradeCheck = 1240;
				TargetAttributes = {
					43EB0D3F25EC52FF009CDF4D = {
						CreatedOnToolsVersion = 12.4;
					};
				};
			};
			buildConfigurationList = 43EB0D3B25EC52FF009CDF4D /* Build configuration list for PBXProject "the-system" */;
			compatibilityVersion = "Xcode 9.3";
			developmentRegion = en;
			hasScannedForEncodings = 0;
			knownRegions = (
				en,
				Base,
			);
			mainGroup = 43EB0D3725EC52FF009CDF4D;
			packageReferences = (
				43EB0D5625EC5342009CDF4D /* XCRemoteSwiftPackageReference "HotKey" */,
			);
			productRefGroup = 43EB0D4125EC52FF009CDF4D /* Products */;
			projectDirPath = "";
			projectRoot = "";
			targets = (
				43EB0D3F25EC52FF009CDF4D /* the-system */,
			);
		};
/* End PBXProject section */

/* Begin PBXResourcesBuildPhase section */
		43EB0D3E25EC52FF009CDF4D /* Resources */ = {
			isa = PBXResourcesBuildPhase;
			buildActionMask = 2147483647;
			files = (
				43EB0D4A25EC5300009CDF4D /* Assets.xcassets in Resources */,
				43EB0D4D25EC5300009CDF4D /* Main.storyboard in Resources */,
			);
			runOnlyForDeploymentPostprocessing = 0;
		};
/* End PBXResourcesBuildPhase section */

/* Begin PBXSourcesBuildPhase section */
		43EB0D3C25EC52FF009CDF4D /* Sources */ = {
			isa = PBXSourcesBuildPhase;
			buildActionMask = 2147483647;
			files = (
				43EB0D4625EC52FF009CDF4D /* ViewController.swift in Sources */,
				43EB0D6E25EC5BFF009CDF4D /* Window.swift in Sources */,
				432347D92613A14400E465DE /* DistractionsViewController.swift in Sources */,
				43EB0D6425EC53D4009CDF4D /* TodoWindowController.swift in Sources */,
				43EB0D6125EC53BB009CDF4D /* DoingWindowController.swift in Sources */,
				432347D126135F6300E465DE /* AttributedStringExtensions.swift in Sources */,
				43EB0D5E25EC5392009CDF4D /* DistractionsWindowController.swift in Sources */,
				43EB0D4425EC52FF009CDF4D /* AppDelegate.swift in Sources */,
				431F5A62260D222C003E40AD /* TodoTextView.swift in Sources */,
				431F5A65260DE7CF003E40AD /* DoingTextView.swift in Sources */,
				43336F0F26171F7600567AA0 /* SequenceExtensions.swift in Sources */,
				43EB0D4825EC52FF009CDF4D /* Document.swift in Sources */,
				432347D42613A12B00E465DE /* TodoViewController.swift in Sources */,
				43EB0D6B25EC59D4009CDF4D /* TextView.swift in Sources */,
				43EB0D6825EC56D0009CDF4D /* DocumentController.swift in Sources */,
				43EB0D5B25EC5365009CDF4D /* Content.swift in Sources */,
				432347CE26135E8800E465DE /* DoingViewController.swift in Sources */,
				432347E02613A9FE00E465DE /* StringExtensions.swift in Sources */,
			);
			runOnlyForDeploymentPostprocessing = 0;
		};
/* End PBXSourcesBuildPhase section */

/* Begin PBXVariantGroup section */
		43EB0D4B25EC5300009CDF4D /* Main.storyboard */ = {
			isa = PBXVariantGroup;
			children = (
				43EB0D4C25EC5300009CDF4D /* Base */,
			);
			name = Main.storyboard;
			sourceTree = "<group>";
		};
/* End PBXVariantGroup section */

/* Begin XCBuildConfiguration section */
		43EB0D5025EC5300009CDF4D /* Debug */ = {
			isa = XCBuildConfiguration;
			buildSettings = {
				ALWAYS_SEARCH_USER_PATHS = NO;
				CLANG_ANALYZER_NONNULL = YES;
				CLANG_ANALYZER_NUMBER_OBJECT_CONVERSION = YES_AGGRESSIVE;
				CLANG_CXX_LANGUAGE_STANDARD = "gnu++14";
				CLANG_CXX_LIBRARY = "libc++";
				CLANG_ENABLE_MODULES = YES;
				CLANG_ENABLE_OBJC_ARC = YES;
				CLANG_ENABLE_OBJC_WEAK = YES;
				CLANG_WARN_BLOCK_CAPTURE_AUTORELEASING = YES;
				CLANG_WARN_BOOL_CONVERSION = YES;
				CLANG_WARN_COMMA = YES;
				CLANG_WARN_CONSTANT_CONVERSION = YES;
				CLANG_WARN_DEPRECATED_OBJC_IMPLEMENTATIONS = YES;
				CLANG_WARN_DIRECT_OBJC_ISA_USAGE = YES_ERROR;
				CLANG_WARN_DOCUMENTATION_COMMENTS = YES;
				CLANG_WARN_EMPTY_BODY = YES;
				CLANG_WARN_ENUM_CONVERSION = YES;
				CLANG_WARN_INFINITE_RECURSION = YES;
				CLANG_WARN_INT_CONVERSION = YES;
				CLANG_WARN_NON_LITERAL_NULL_CONVERSION = YES;
				CLANG_WARN_OBJC_IMPLICIT_RETAIN_SELF = YES;
				CLANG_WARN_OBJC_LITERAL_CONVERSION = YES;
				CLANG_WARN_OBJC_ROOT_CLASS = YES_ERROR;
				CLANG_WARN_QUOTED_INCLUDE_IN_FRAMEWORK_HEADER = YES;
				CLANG_WARN_RANGE_LOOP_ANALYSIS = YES;
				CLANG_WARN_STRICT_PROTOTYPES = YES;
				CLANG_WARN_SUSPICIOUS_MOVE = YES;
				CLANG_WARN_UNGUARDED_AVAILABILITY = YES_AGGRESSIVE;
				CLANG_WARN_UNREACHABLE_CODE = YES;
				CLANG_WARN__DUPLICATE_METHOD_MATCH = YES;
				COPY_PHASE_STRIP = NO;
				DEBUG_INFORMATION_FORMAT = dwarf;
				ENABLE_STRICT_OBJC_MSGSEND = YES;
				ENABLE_TESTABILITY = YES;
				GCC_C_LANGUAGE_STANDARD = gnu11;
				GCC_DYNAMIC_NO_PIC = NO;
				GCC_NO_COMMON_BLOCKS = YES;
				GCC_OPTIMIZATION_LEVEL = 0;
				GCC_PREPROCESSOR_DEFINITIONS = (
					"DEBUG=1",
					"$(inherited)",
				);
				GCC_WARN_64_TO_32_BIT_CONVERSION = YES;
				GCC_WARN_ABOUT_RETURN_TYPE = YES_ERROR;
				GCC_WARN_UNDECLARED_SELECTOR = YES;
				GCC_WARN_UNINITIALIZED_AUTOS = YES_AGGRESSIVE;
				GCC_WARN_UNUSED_FUNCTION = YES;
				GCC_WARN_UNUSED_VARIABLE = YES;
				MACOSX_DEPLOYMENT_TARGET = 11.1;
				MTL_ENABLE_DEBUG_INFO = INCLUDE_SOURCE;
				MTL_FAST_MATH = YES;
				ONLY_ACTIVE_ARCH = YES;
				SDKROOT = macosx;
				SWIFT_ACTIVE_COMPILATION_CONDITIONS = DEBUG;
				SWIFT_OPTIMIZATION_LEVEL = "-Onone";
			};
			name = Debug;
		};
		43EB0D5125EC5300009CDF4D /* Release */ = {
			isa = XCBuildConfiguration;
			buildSettings = {
				ALWAYS_SEARCH_USER_PATHS = NO;
				CLANG_ANALYZER_NONNULL = YES;
				CLANG_ANALYZER_NUMBER_OBJECT_CONVERSION = YES_AGGRESSIVE;
				CLANG_CXX_LANGUAGE_STANDARD = "gnu++14";
				CLANG_CXX_LIBRARY = "libc++";
				CLANG_ENABLE_MODULES = YES;
				CLANG_ENABLE_OBJC_ARC = YES;
				CLANG_ENABLE_OBJC_WEAK = YES;
				CLANG_WARN_BLOCK_CAPTURE_AUTORELEASING = YES;
				CLANG_WARN_BOOL_CONVERSION = YES;
				CLANG_WARN_COMMA = YES;
				CLANG_WARN_CONSTANT_CONVERSION = YES;
				CLANG_WARN_DEPRECATED_OBJC_IMPLEMENTATIONS = YES;
				CLANG_WARN_DIRECT_OBJC_ISA_USAGE = YES_ERROR;
				CLANG_WARN_DOCUMENTATION_COMMENTS = YES;
				CLANG_WARN_EMPTY_BODY = YES;
				CLANG_WARN_ENUM_CONVERSION = YES;
				CLANG_WARN_INFINITE_RECURSION = YES;
				CLANG_WARN_INT_CONVERSION = YES;
				CLANG_WARN_NON_LITERAL_NULL_CONVERSION = YES;
				CLANG_WARN_OBJC_IMPLICIT_RETAIN_SELF = YES;
				CLANG_WARN_OBJC_LITERAL_CONVERSION = YES;
				CLANG_WARN_OBJC_ROOT_CLASS = YES_ERROR;
				CLANG_WARN_QUOTED_INCLUDE_IN_FRAMEWORK_HEADER = YES;
				CLANG_WARN_RANGE_LOOP_ANALYSIS = YES;
				CLANG_WARN_STRICT_PROTOTYPES = YES;
				CLANG_WARN_SUSPICIOUS_MOVE = YES;
				CLANG_WARN_UNGUARDED_AVAILABILITY = YES_AGGRESSIVE;
				CLANG_WARN_UNREACHABLE_CODE = YES;
				CLANG_WARN__DUPLICATE_METHOD_MATCH = YES;
				COPY_PHASE_STRIP = NO;
				DEBUG_INFORMATION_FORMAT = "dwarf-with-dsym";
				ENABLE_NS_ASSERTIONS = NO;
				ENABLE_STRICT_OBJC_MSGSEND = YES;
				GCC_C_LANGUAGE_STANDARD = gnu11;
				GCC_NO_COMMON_BLOCKS = YES;
				GCC_WARN_64_TO_32_BIT_CONVERSION = YES;
				GCC_WARN_ABOUT_RETURN_TYPE = YES_ERROR;
				GCC_WARN_UNDECLARED_SELECTOR = YES;
				GCC_WARN_UNINITIALIZED_AUTOS = YES_AGGRESSIVE;
				GCC_WARN_UNUSED_FUNCTION = YES;
				GCC_WARN_UNUSED_VARIABLE = YES;
				MACOSX_DEPLOYMENT_TARGET = 11.1;
				MTL_ENABLE_DEBUG_INFO = NO;
				MTL_FAST_MATH = YES;
				SDKROOT = macosx;
				SWIFT_COMPILATION_MODE = wholemodule;
				SWIFT_OPTIMIZATION_LEVEL = "-O";
			};
			name = Release;
		};
		43EB0D5325EC5300009CDF4D /* Debug */ = {
			isa = XCBuildConfiguration;
			buildSettings = {
				ASSETCATALOG_COMPILER_APPICON_NAME = AppIcon;
				ASSETCATALOG_COMPILER_GLOBAL_ACCENT_COLOR_NAME = AccentColor;
				CODE_SIGN_ENTITLEMENTS = "the-system/the_system.entitlements";
				CODE_SIGN_STYLE = Automatic;
				COMBINE_HIDPI_IMAGES = YES;
				DEVELOPMENT_TEAM = 9VGT37D62W;
				ENABLE_HARDENED_RUNTIME = YES;
				INFOPLIST_FILE = "the-system/Info.plist";
				LD_RUNPATH_SEARCH_PATHS = (
					"$(inherited)",
					"@executable_path/../Frameworks",
				);
				PRODUCT_BUNDLE_IDENTIFIER = "dirkdirk.the-system";
				PRODUCT_NAME = "$(TARGET_NAME)";
				SWIFT_VERSION = 5.0;
			};
			name = Debug;
		};
		43EB0D5425EC5300009CDF4D /* Release */ = {
			isa = XCBuildConfiguration;
			buildSettings = {
				ASSETCATALOG_COMPILER_APPICON_NAME = AppIcon;
				ASSETCATALOG_COMPILER_GLOBAL_ACCENT_COLOR_NAME = AccentColor;
				CODE_SIGN_ENTITLEMENTS = "the-system/the_system.entitlements";
				CODE_SIGN_STYLE = Automatic;
				COMBINE_HIDPI_IMAGES = YES;
				DEVELOPMENT_TEAM = 9VGT37D62W;
				ENABLE_HARDENED_RUNTIME = YES;
				INFOPLIST_FILE = "the-system/Info.plist";
				LD_RUNPATH_SEARCH_PATHS = (
					"$(inherited)",
					"@executable_path/../Frameworks",
				);
				PRODUCT_BUNDLE_IDENTIFIER = "dirkdirk.the-system";
				PRODUCT_NAME = "$(TARGET_NAME)";
				SWIFT_VERSION = 5.0;
			};
			name = Release;
		};
/* End XCBuildConfiguration section */

/* Begin XCConfigurationList section */
		43EB0D3B25EC52FF009CDF4D /* Build configuration list for PBXProject "the-system" */ = {
			isa = XCConfigurationList;
			buildConfigurations = (
				43EB0D5025EC5300009CDF4D /* Debug */,
				43EB0D5125EC5300009CDF4D /* Release */,
			);
			defaultConfigurationIsVisible = 0;
			defaultConfigurationName = Release;
		};
		43EB0D5225EC5300009CDF4D /* Build configuration list for PBXNativeTarget "the-system" */ = {
			isa = XCConfigurationList;
			buildConfigurations = (
				43EB0D5325EC5300009CDF4D /* Debug */,
				43EB0D5425EC5300009CDF4D /* Release */,
			);
			defaultConfigurationIsVisible = 0;
			defaultConfigurationName = Release;
		};
/* End XCConfigurationList section */

/* Begin XCRemoteSwiftPackageReference section */
		43EB0D5625EC5342009CDF4D /* XCRemoteSwiftPackageReference "HotKey" */ = {
			isa = XCRemoteSwiftPackageReference;
			repositoryURL = "https://github.com/soffes/HotKey";
			requirement = {
				kind = upToNextMajorVersion;
				minimumVersion = 0.1.3;
			};
		};
/* End XCRemoteSwiftPackageReference section */

/* Begin XCSwiftPackageProductDependency section */
		43EB0D5725EC5342009CDF4D /* HotKey */ = {
			isa = XCSwiftPackageProductDependency;
			package = 43EB0D5625EC5342009CDF4D /* XCRemoteSwiftPackageReference "HotKey" */;
			productName = HotKey;
		};
/* End XCSwiftPackageProductDependency section */
	};
	rootObject = 43EB0D3825EC52FF009CDF4D /* Project object */;
}
